// !$*UTF8*$!
{
	archiveVersion = 1;
	classes = {
	};
	objectVersion = 56;
	objects = {

/* Begin PBXBuildFile section */
		C105F08929832A27009826B3 /* FirebaseTesterView.swift in Sources */ = {isa = PBXBuildFile; fileRef = C105F08829832A27009826B3 /* FirebaseTesterView.swift */; };
		C105F09429846146009826B3 /* addFile.rb in Resources */ = {isa = PBXBuildFile; fileRef = C16E18CE297E988100BD519D /* addFile.rb */; };
		C105F0982984631A009826B3 /* addFileToXcode.rb in Resources */ = {isa = PBXBuildFile; fileRef = C105F0972984631A009826B3 /* addFileToXcode.rb */; };
		C105F09B29870417009826B3 /* CreateFilesManager.swift in Sources */ = {isa = PBXBuildFile; fileRef = C105F09A29870417009826B3 /* CreateFilesManager.swift */; };
		C13812C6299272750032D40B /* TextEditor.swift in Sources */ = {isa = PBXBuildFile; fileRef = C13812C5299272750032D40B /* TextEditor.swift */; };
		C1688D27296DF04D0044C922 /* JsonParserViewModel.swift in Sources */ = {isa = PBXBuildFile; fileRef = C1688D26296DF04D0044C922 /* JsonParserViewModel.swift */; };
		C1688D2A296DF1000044C922 /* NetworkClientJSON.swift in Sources */ = {isa = PBXBuildFile; fileRef = C1688D29296DF1000044C922 /* NetworkClientJSON.swift */; };
		C1688D30296DFC8F0044C922 /* SourceCodePro.ttf in Resources */ = {isa = PBXBuildFile; fileRef = C1688D2F296DFC8E0044C922 /* SourceCodePro.ttf */; };
		C16E18002973F3B400BD519D /* GrowingButton.swift in Sources */ = {isa = PBXBuildFile; fileRef = C16E17FF2973F3B400BD519D /* GrowingButton.swift */; };
		C16E18122975510500BD519D /* String.swift in Sources */ = {isa = PBXBuildFile; fileRef = C16E18112975510500BD519D /* String.swift */; };
		C16E18152975643000BD519D /* FloatingNoticeView.swift in Sources */ = {isa = PBXBuildFile; fileRef = C16E18142975643000BD519D /* FloatingNoticeView.swift */; };
		C16E181929769D0E00BD519D /* Header.swift in Sources */ = {isa = PBXBuildFile; fileRef = C16E181829769D0E00BD519D /* Header.swift */; };
		C16E18C7297AA4F700BD519D /* JsonEditorView.swift in Sources */ = {isa = PBXBuildFile; fileRef = C16E18C6297AA4F700BD519D /* JsonEditorView.swift */; };
		C16E18C9297AA53200BD519D /* JsonEditorViewModel.swift in Sources */ = {isa = PBXBuildFile; fileRef = C16E18C8297AA53200BD519D /* JsonEditorViewModel.swift */; };
		C16E18CC297DD34200BD519D /* CommonErrors.swift in Sources */ = {isa = PBXBuildFile; fileRef = C16E18CB297DD34200BD519D /* CommonErrors.swift */; };
		C16E18D1297E9B3600BD519D /* ExecuteView.swift in Sources */ = {isa = PBXBuildFile; fileRef = C16E18D0297E9B3600BD519D /* ExecuteView.swift */; };
		C16E18D3297E9B4600BD519D /* ExecuteViewModel.swift in Sources */ = {isa = PBXBuildFile; fileRef = C16E18D2297E9B4600BD519D /* ExecuteViewModel.swift */; };
		C16E18D6297E9D7C00BD519D /* launch_ruby.sh in Resources */ = {isa = PBXBuildFile; fileRef = C16E18D5297E9D7C00BD519D /* launch_ruby.sh */; };
		C1746A092980450E00F0CFE4 /* DateFormatterView.swift in Sources */ = {isa = PBXBuildFile; fileRef = C1746A082980450E00F0CFE4 /* DateFormatterView.swift */; };
		C1746A0B2980451F00F0CFE4 /* DateFormatterViewModel.swift in Sources */ = {isa = PBXBuildFile; fileRef = C1746A0A2980451F00F0CFE4 /* DateFormatterViewModel.swift */; };
		C1746A0E29805C1000F0CFE4 /* RoundTextFieldModifier.swift in Sources */ = {isa = PBXBuildFile; fileRef = C1746A0D29805C1000F0CFE4 /* RoundTextFieldModifier.swift */; };
		C1A7C36529CCE8CE00DB43BB /* ChatView.swift in Sources */ = {isa = PBXBuildFile; fileRef = C1A7C36429CCE8CE00DB43BB /* ChatView.swift */; };
		C1A7C36729CDA83E00DB43BB /* ChatViewModel.swift in Sources */ = {isa = PBXBuildFile; fileRef = C1A7C36629CDA83E00DB43BB /* ChatViewModel.swift */; };
		C1A7C36929CDB2DC00DB43BB /* ChatGPTNetworkClient.swift in Sources */ = {isa = PBXBuildFile; fileRef = C1A7C36829CDB2DC00DB43BB /* ChatGPTNetworkClient.swift */; };
		C1A7C36B29CE2C3F00DB43BB /* Keys.swift in Sources */ = {isa = PBXBuildFile; fileRef = C1A7C36A29CE2C3F00DB43BB /* Keys.swift */; };
		C1BA231229E1C13F0006CAE3 /* ChatGPTDTO.swift in Sources */ = {isa = PBXBuildFile; fileRef = C1BA231129E1C13F0006CAE3 /* ChatGPTDTO.swift */; };
		C1BA231529E1C2280006CAE3 /* TripleA in Frameworks */ = {isa = PBXBuildFile; productRef = C1BA231429E1C2280006CAE3 /* TripleA */; };
		C1BF02F5296C2589008FE367 /* utilsApp.swift in Sources */ = {isa = PBXBuildFile; fileRef = C1BF02F4296C2589008FE367 /* utilsApp.swift */; };
		C1BF02F7296C2589008FE367 /* MenuView.swift in Sources */ = {isa = PBXBuildFile; fileRef = C1BF02F6296C2589008FE367 /* MenuView.swift */; };
		C1BF02F9296C258B008FE367 /* Assets.xcassets in Resources */ = {isa = PBXBuildFile; fileRef = C1BF02F8296C258B008FE367 /* Assets.xcassets */; };
		C1BF02FC296C258B008FE367 /* Preview Assets.xcassets in Resources */ = {isa = PBXBuildFile; fileRef = C1BF02FB296C258B008FE367 /* Preview Assets.xcassets */; };
		C1BF02FE296C258B008FE367 /* Persistence.swift in Sources */ = {isa = PBXBuildFile; fileRef = C1BF02FD296C258B008FE367 /* Persistence.swift */; };
		C1BF0301296C258B008FE367 /* utils.xcdatamodeld in Sources */ = {isa = PBXBuildFile; fileRef = C1BF02FF296C258B008FE367 /* utils.xcdatamodeld */; };
		C1BF030B296C258B008FE367 /* utilsTests.swift in Sources */ = {isa = PBXBuildFile; fileRef = C1BF030A296C258B008FE367 /* utilsTests.swift */; };
		C1BF0315296C258B008FE367 /* utilsUITests.swift in Sources */ = {isa = PBXBuildFile; fileRef = C1BF0314296C258B008FE367 /* utilsUITests.swift */; };
		C1BF0317296C258B008FE367 /* utilsUITestsLaunchTests.swift in Sources */ = {isa = PBXBuildFile; fileRef = C1BF0316296C258B008FE367 /* utilsUITestsLaunchTests.swift */; };
		C1BF0328296C2C42008FE367 /* MenuViewModel.swift in Sources */ = {isa = PBXBuildFile; fileRef = C1BF0327296C2C42008FE367 /* MenuViewModel.swift */; };
		C1BF032C296C2C80008FE367 /* Menu.swift in Sources */ = {isa = PBXBuildFile; fileRef = C1BF032B296C2C80008FE367 /* Menu.swift */; };
		C1BF032E296C2D95008FE367 /* MenuListRowView.swift in Sources */ = {isa = PBXBuildFile; fileRef = C1BF032D296C2D95008FE367 /* MenuListRowView.swift */; };
		C1BF0331296C566E008FE367 /* JsonParserView.swift in Sources */ = {isa = PBXBuildFile; fileRef = C1BF0330296C566E008FE367 /* JsonParserView.swift */; };
		C1E0B0CD2971D7DA001AF5C3 /* JsonParserManager.swift in Sources */ = {isa = PBXBuildFile; fileRef = C1E0B0CC2971D7DA001AF5C3 /* JsonParserManager.swift */; };
/* End PBXBuildFile section */

/* Begin PBXContainerItemProxy section */
		C1BF0307296C258B008FE367 /* PBXContainerItemProxy */ = {
			isa = PBXContainerItemProxy;
			containerPortal = C1BF02E9296C2589008FE367 /* Project object */;
			proxyType = 1;
			remoteGlobalIDString = C1BF02F0296C2589008FE367;
			remoteInfo = utils;
		};
		C1BF0311296C258B008FE367 /* PBXContainerItemProxy */ = {
			isa = PBXContainerItemProxy;
			containerPortal = C1BF02E9296C2589008FE367 /* Project object */;
			proxyType = 1;
			remoteGlobalIDString = C1BF02F0296C2589008FE367;
			remoteInfo = utils;
		};
/* End PBXContainerItemProxy section */

/* Begin PBXFileReference section */
		C105F08829832A27009826B3 /* FirebaseTesterView.swift */ = {isa = PBXFileReference; lastKnownFileType = sourcecode.swift; path = FirebaseTesterView.swift; sourceTree = "<group>"; };
		C105F0972984631A009826B3 /* addFileToXcode.rb */ = {isa = PBXFileReference; lastKnownFileType = text.script.ruby; path = addFileToXcode.rb; sourceTree = "<group>"; };
		C105F09A29870417009826B3 /* CreateFilesManager.swift */ = {isa = PBXFileReference; lastKnownFileType = sourcecode.swift; path = CreateFilesManager.swift; sourceTree = "<group>"; };
		C13812C5299272750032D40B /* TextEditor.swift */ = {isa = PBXFileReference; lastKnownFileType = sourcecode.swift; path = TextEditor.swift; sourceTree = "<group>"; };
		C1688D26296DF04D0044C922 /* JsonParserViewModel.swift */ = {isa = PBXFileReference; lastKnownFileType = sourcecode.swift; path = JsonParserViewModel.swift; sourceTree = "<group>"; };
		C1688D29296DF1000044C922 /* NetworkClientJSON.swift */ = {isa = PBXFileReference; lastKnownFileType = sourcecode.swift; path = NetworkClientJSON.swift; sourceTree = "<group>"; };
		C1688D2F296DFC8E0044C922 /* SourceCodePro.ttf */ = {isa = PBXFileReference; lastKnownFileType = file; path = SourceCodePro.ttf; sourceTree = "<group>"; };
		C16E17FF2973F3B400BD519D /* GrowingButton.swift */ = {isa = PBXFileReference; lastKnownFileType = sourcecode.swift; path = GrowingButton.swift; sourceTree = "<group>"; };
		C16E18112975510500BD519D /* String.swift */ = {isa = PBXFileReference; lastKnownFileType = sourcecode.swift; path = String.swift; sourceTree = "<group>"; };
		C16E18142975643000BD519D /* FloatingNoticeView.swift */ = {isa = PBXFileReference; lastKnownFileType = sourcecode.swift; path = FloatingNoticeView.swift; sourceTree = "<group>"; };
		C16E181829769D0E00BD519D /* Header.swift */ = {isa = PBXFileReference; lastKnownFileType = sourcecode.swift; path = Header.swift; sourceTree = "<group>"; };
		C16E18C6297AA4F700BD519D /* JsonEditorView.swift */ = {isa = PBXFileReference; lastKnownFileType = sourcecode.swift; path = JsonEditorView.swift; sourceTree = "<group>"; };
		C16E18C8297AA53200BD519D /* JsonEditorViewModel.swift */ = {isa = PBXFileReference; lastKnownFileType = sourcecode.swift; path = JsonEditorViewModel.swift; sourceTree = "<group>"; };
		C16E18CB297DD34200BD519D /* CommonErrors.swift */ = {isa = PBXFileReference; lastKnownFileType = sourcecode.swift; path = CommonErrors.swift; sourceTree = "<group>"; };
		C16E18CE297E988100BD519D /* addFile.rb */ = {isa = PBXFileReference; lastKnownFileType = text.script.ruby; path = addFile.rb; sourceTree = "<group>"; };
		C16E18D0297E9B3600BD519D /* ExecuteView.swift */ = {isa = PBXFileReference; lastKnownFileType = sourcecode.swift; path = ExecuteView.swift; sourceTree = "<group>"; };
		C16E18D2297E9B4600BD519D /* ExecuteViewModel.swift */ = {isa = PBXFileReference; lastKnownFileType = sourcecode.swift; path = ExecuteViewModel.swift; sourceTree = "<group>"; };
		C16E18D5297E9D7C00BD519D /* launch_ruby.sh */ = {isa = PBXFileReference; lastKnownFileType = text.script.sh; path = launch_ruby.sh; sourceTree = "<group>"; };
		C16E18D7297EA4D900BD519D /* utils.entitlements */ = {isa = PBXFileReference; lastKnownFileType = text.plist.entitlements; path = utils.entitlements; sourceTree = "<group>"; };
		C1746A082980450E00F0CFE4 /* DateFormatterView.swift */ = {isa = PBXFileReference; lastKnownFileType = sourcecode.swift; path = DateFormatterView.swift; sourceTree = "<group>"; };
		C1746A0A2980451F00F0CFE4 /* DateFormatterViewModel.swift */ = {isa = PBXFileReference; lastKnownFileType = sourcecode.swift; path = DateFormatterViewModel.swift; sourceTree = "<group>"; };
		C1746A0D29805C1000F0CFE4 /* RoundTextFieldModifier.swift */ = {isa = PBXFileReference; lastKnownFileType = sourcecode.swift; path = RoundTextFieldModifier.swift; sourceTree = "<group>"; };
		C1A7C36429CCE8CE00DB43BB /* ChatView.swift */ = {isa = PBXFileReference; lastKnownFileType = sourcecode.swift; path = ChatView.swift; sourceTree = "<group>"; };
		C1A7C36629CDA83E00DB43BB /* ChatViewModel.swift */ = {isa = PBXFileReference; lastKnownFileType = sourcecode.swift; path = ChatViewModel.swift; sourceTree = "<group>"; };
		C1A7C36829CDB2DC00DB43BB /* ChatGPTNetworkClient.swift */ = {isa = PBXFileReference; lastKnownFileType = sourcecode.swift; path = ChatGPTNetworkClient.swift; sourceTree = "<group>"; };
		C1A7C36A29CE2C3F00DB43BB /* Keys.swift */ = {isa = PBXFileReference; lastKnownFileType = sourcecode.swift; path = Keys.swift; sourceTree = "<group>"; };
		C1BA231129E1C13F0006CAE3 /* ChatGPTDTO.swift */ = {isa = PBXFileReference; lastKnownFileType = sourcecode.swift; path = ChatGPTDTO.swift; sourceTree = "<group>"; };
		C1BA231729E1C8C00006CAE3 /* TripleA */ = {isa = PBXFileReference; lastKnownFileType = wrapper; name = TripleA; path = ../TripleA; sourceTree = "<group>"; };
		C1BF02F1296C2589008FE367 /* utils.app */ = {isa = PBXFileReference; explicitFileType = wrapper.application; includeInIndex = 0; path = utils.app; sourceTree = BUILT_PRODUCTS_DIR; };
		C1BF02F4296C2589008FE367 /* utilsApp.swift */ = {isa = PBXFileReference; lastKnownFileType = sourcecode.swift; path = utilsApp.swift; sourceTree = "<group>"; };
		C1BF02F6296C2589008FE367 /* MenuView.swift */ = {isa = PBXFileReference; lastKnownFileType = sourcecode.swift; path = MenuView.swift; sourceTree = "<group>"; };
		C1BF02F8296C258B008FE367 /* Assets.xcassets */ = {isa = PBXFileReference; lastKnownFileType = folder.assetcatalog; path = Assets.xcassets; sourceTree = "<group>"; };
		C1BF02FB296C258B008FE367 /* Preview Assets.xcassets */ = {isa = PBXFileReference; lastKnownFileType = folder.assetcatalog; path = "Preview Assets.xcassets"; sourceTree = "<group>"; };
		C1BF02FD296C258B008FE367 /* Persistence.swift */ = {isa = PBXFileReference; lastKnownFileType = sourcecode.swift; path = Persistence.swift; sourceTree = "<group>"; };
		C1BF0300296C258B008FE367 /* utils.xcdatamodel */ = {isa = PBXFileReference; lastKnownFileType = wrapper.xcdatamodel; path = utils.xcdatamodel; sourceTree = "<group>"; };
		C1BF0306296C258B008FE367 /* utilsTests.xctest */ = {isa = PBXFileReference; explicitFileType = wrapper.cfbundle; includeInIndex = 0; path = utilsTests.xctest; sourceTree = BUILT_PRODUCTS_DIR; };
		C1BF030A296C258B008FE367 /* utilsTests.swift */ = {isa = PBXFileReference; lastKnownFileType = sourcecode.swift; path = utilsTests.swift; sourceTree = "<group>"; };
		C1BF0310296C258B008FE367 /* utilsUITests.xctest */ = {isa = PBXFileReference; explicitFileType = wrapper.cfbundle; includeInIndex = 0; path = utilsUITests.xctest; sourceTree = BUILT_PRODUCTS_DIR; };
		C1BF0314296C258B008FE367 /* utilsUITests.swift */ = {isa = PBXFileReference; lastKnownFileType = sourcecode.swift; path = utilsUITests.swift; sourceTree = "<group>"; };
		C1BF0316296C258B008FE367 /* utilsUITestsLaunchTests.swift */ = {isa = PBXFileReference; lastKnownFileType = sourcecode.swift; path = utilsUITestsLaunchTests.swift; sourceTree = "<group>"; };
		C1BF0327296C2C42008FE367 /* MenuViewModel.swift */ = {isa = PBXFileReference; lastKnownFileType = sourcecode.swift; path = MenuViewModel.swift; sourceTree = "<group>"; };
		C1BF032B296C2C80008FE367 /* Menu.swift */ = {isa = PBXFileReference; lastKnownFileType = sourcecode.swift; path = Menu.swift; sourceTree = "<group>"; };
		C1BF032D296C2D95008FE367 /* MenuListRowView.swift */ = {isa = PBXFileReference; lastKnownFileType = sourcecode.swift; path = MenuListRowView.swift; sourceTree = "<group>"; };
		C1BF0330296C566E008FE367 /* JsonParserView.swift */ = {isa = PBXFileReference; lastKnownFileType = sourcecode.swift; path = JsonParserView.swift; sourceTree = "<group>"; };
		C1E0B0CC2971D7DA001AF5C3 /* JsonParserManager.swift */ = {isa = PBXFileReference; lastKnownFileType = sourcecode.swift; path = JsonParserManager.swift; sourceTree = "<group>"; };
/* End PBXFileReference section */

/* Begin PBXFrameworksBuildPhase section */
		C1BF02EE296C2589008FE367 /* Frameworks */ = {
			isa = PBXFrameworksBuildPhase;
			buildActionMask = 2147483647;
			files = (
				C1BA231529E1C2280006CAE3 /* TripleA in Frameworks */,
			);
			runOnlyForDeploymentPostprocessing = 0;
		};
		C1BF0303296C258B008FE367 /* Frameworks */ = {
			isa = PBXFrameworksBuildPhase;
			buildActionMask = 2147483647;
			files = (
			);
			runOnlyForDeploymentPostprocessing = 0;
		};
		C1BF030D296C258B008FE367 /* Frameworks */ = {
			isa = PBXFrameworksBuildPhase;
			buildActionMask = 2147483647;
			files = (
			);
			runOnlyForDeploymentPostprocessing = 0;
		};
/* End PBXFrameworksBuildPhase section */

/* Begin PBXGroup section */
		C105F08729832A18009826B3 /* FirebaseTester */ = {
			isa = PBXGroup;
			children = (
				C105F08829832A27009826B3 /* FirebaseTesterView.swift */,
			);
			path = FirebaseTester;
			sourceTree = "<group>";
		};
		C105F099298703D2009826B3 /* Manager */ = {
			isa = PBXGroup;
			children = (
				C105F09A29870417009826B3 /* CreateFilesManager.swift */,
			);
			path = Manager;
			sourceTree = "<group>";
		};
		C13812C229925F950032D40B /* Modules */ = {
			isa = PBXGroup;
			children = (
				C1A7C36329CCE89500DB43BB /* ChatGPT */,
				C1BF0326296C2BF0008FE367 /* Menu */,
				C105F08729832A18009826B3 /* FirebaseTester */,
				C1746A07298044EF00F0CFE4 /* DateFormatter */,
				C16E18CF297E9B2100BD519D /* Execute */,
				C16E18C5297AA2EB00BD519D /* JsonEditor */,
				C1BF032F296C5654008FE367 /* JsonParser */,
			);
			path = Modules;
			sourceTree = "<group>";
		};
		C13812C329925FFA0032D40B /* Extension */ = {
			isa = PBXGroup;
			children = (
				C16E18112975510500BD519D /* String.swift */,
			);
			path = Extension;
			sourceTree = "<group>";
		};
		C13812C4299272680032D40B /* TextEditor */ = {
			isa = PBXGroup;
			children = (
				C13812C5299272750032D40B /* TextEditor.swift */,
			);
			path = TextEditor;
			sourceTree = "<group>";
		};
		C13812C7299295CD0032D40B /* Button */ = {
			isa = PBXGroup;
			children = (
				C16E17FF2973F3B400BD519D /* GrowingButton.swift */,
			);
			path = Button;
			sourceTree = "<group>";
		};
		C1688D28296DF0D80044C922 /* NetworkClient */ = {
			isa = PBXGroup;
			children = (
				C1688D29296DF1000044C922 /* NetworkClientJSON.swift */,
				C1A7C36829CDB2DC00DB43BB /* ChatGPTNetworkClient.swift */,
			);
			path = NetworkClient;
			sourceTree = "<group>";
		};
		C1688D2B296DFA400044C922 /* Resources */ = {
			isa = PBXGroup;
			children = (
				C16E18D7297EA4D900BD519D /* utils.entitlements */,
				C1688D2C296DFA4B0044C922 /* font */,
				C1BF02F8296C258B008FE367 /* Assets.xcassets */,
			);
			path = Resources;
			sourceTree = "<group>";
		};
		C1688D2C296DFA4B0044C922 /* font */ = {
			isa = PBXGroup;
			children = (
				C1688D2F296DFC8E0044C922 /* SourceCodePro.ttf */,
			);
			path = font;
			sourceTree = "<group>";
		};
		C16E17FE2973F32600BD519D /* Style */ = {
			isa = PBXGroup;
			children = (
				C13812C7299295CD0032D40B /* Button */,
				C13812C4299272680032D40B /* TextEditor */,
				C1746A0C29805BD400F0CFE4 /* TextField */,
			);
			path = Style;
			sourceTree = "<group>";
		};
		C16E1810297550F500BD519D /* Common */ = {
			isa = PBXGroup;
			children = (
				C13812C329925FFA0032D40B /* Extension */,
				C1A7C36A29CE2C3F00DB43BB /* Keys.swift */,
			);
			path = Common;
			sourceTree = "<group>";
		};
		C16E18132975642300BD519D /* FloatingNotice */ = {
			isa = PBXGroup;
			children = (
				C16E18142975643000BD519D /* FloatingNoticeView.swift */,
			);
			path = FloatingNotice;
			sourceTree = "<group>";
		};
		C16E18162975F14500BD519D /* Components */ = {
			isa = PBXGroup;
			children = (
				C16E18132975642300BD519D /* FloatingNotice */,
			);
			path = Components;
			sourceTree = "<group>";
		};
		C16E18C5297AA2EB00BD519D /* JsonEditor */ = {
			isa = PBXGroup;
			children = (
				C16E18C6297AA4F700BD519D /* JsonEditorView.swift */,
				C16E18C8297AA53200BD519D /* JsonEditorViewModel.swift */,
			);
			path = JsonEditor;
			sourceTree = "<group>";
		};
		C16E18CA297DD32600BD519D /* Error */ = {
			isa = PBXGroup;
			children = (
				C16E18CB297DD34200BD519D /* CommonErrors.swift */,
			);
			path = Error;
			sourceTree = "<group>";
		};
		C16E18CF297E9B2100BD519D /* Execute */ = {
			isa = PBXGroup;
			children = (
				C16E18D0297E9B3600BD519D /* ExecuteView.swift */,
				C16E18D2297E9B4600BD519D /* ExecuteViewModel.swift */,
			);
			path = Execute;
			sourceTree = "<group>";
		};
		C16E18D4297E9D5C00BD519D /* Scripts */ = {
			isa = PBXGroup;
			children = (
				C16E18D5297E9D7C00BD519D /* launch_ruby.sh */,
			);
			path = Scripts;
			sourceTree = "<group>";
		};
		C1746A07298044EF00F0CFE4 /* DateFormatter */ = {
			isa = PBXGroup;
			children = (
				C1746A082980450E00F0CFE4 /* DateFormatterView.swift */,
				C1746A0A2980451F00F0CFE4 /* DateFormatterViewModel.swift */,
			);
			path = DateFormatter;
			sourceTree = "<group>";
		};
		C1746A0C29805BD400F0CFE4 /* TextField */ = {
			isa = PBXGroup;
			children = (
				C1746A0D29805C1000F0CFE4 /* RoundTextFieldModifier.swift */,
			);
			path = TextField;
			sourceTree = "<group>";
		};
		C1A7C36329CCE89500DB43BB /* ChatGPT */ = {
			isa = PBXGroup;
			children = (
				C1A7C36429CCE8CE00DB43BB /* ChatView.swift */,
				C1A7C36629CDA83E00DB43BB /* ChatViewModel.swift */,
			);
			path = ChatGPT;
			sourceTree = "<group>";
		};
		C1BA231029E1C11B0006CAE3 /* DTO */ = {
			isa = PBXGroup;
			children = (
				C1BA231129E1C13F0006CAE3 /* ChatGPTDTO.swift */,
			);
			path = DTO;
			sourceTree = "<group>";
		};
		C1BA231629E1C8C00006CAE3 /* Packages */ = {
			isa = PBXGroup;
			children = (
				C1BA231729E1C8C00006CAE3 /* TripleA */,
			);
			name = Packages;
			sourceTree = "<group>";
		};
		C1BF02E8296C2589008FE367 = {
			isa = PBXGroup;
			children = (
				C1BA231629E1C8C00006CAE3 /* Packages */,
				C105F0972984631A009826B3 /* addFileToXcode.rb */,
				C16E18CE297E988100BD519D /* addFile.rb */,
				C1BF02F3296C2589008FE367 /* utils */,
				C1BF0309296C258B008FE367 /* utilsTests */,
				C1BF0313296C258B008FE367 /* utilsUITests */,
				C1BF02F2296C2589008FE367 /* Products */,
			);
			sourceTree = "<group>";
		};
		C1BF02F2296C2589008FE367 /* Products */ = {
			isa = PBXGroup;
			children = (
				C1BF02F1296C2589008FE367 /* utils.app */,
				C1BF0306296C258B008FE367 /* utilsTests.xctest */,
				C1BF0310296C258B008FE367 /* utilsUITests.xctest */,
			);
			name = Products;
			sourceTree = "<group>";
		};
		C1BF02F3296C2589008FE367 /* utils */ = {
			isa = PBXGroup;
			children = (
				C1BF02F4296C2589008FE367 /* utilsApp.swift */,
				C16E1810297550F500BD519D /* Common */,
				C1BF0323296C2A65008FE367 /* Data */,
				C1BF0329296C2C69008FE367 /* Domain */,
				C105F099298703D2009826B3 /* Manager */,
				C16E18D4297E9D5C00BD519D /* Scripts */,
				C1BF0325296C2BE4008FE367 /* UI */,
				C1688D2B296DFA400044C922 /* Resources */,
				C1BF02FA296C258B008FE367 /* Preview Content */,
			);
			path = utils;
			sourceTree = "<group>";
		};
		C1BF02FA296C258B008FE367 /* Preview Content */ = {
			isa = PBXGroup;
			children = (
				C1BF02FB296C258B008FE367 /* Preview Assets.xcassets */,
			);
			path = "Preview Content";
			sourceTree = "<group>";
		};
		C1BF0309296C258B008FE367 /* utilsTests */ = {
			isa = PBXGroup;
			children = (
				C1BF030A296C258B008FE367 /* utilsTests.swift */,
			);
			path = utilsTests;
			sourceTree = "<group>";
		};
		C1BF0313296C258B008FE367 /* utilsUITests */ = {
			isa = PBXGroup;
			children = (
				C1BF0314296C258B008FE367 /* utilsUITests.swift */,
				C1BF0316296C258B008FE367 /* utilsUITestsLaunchTests.swift */,
			);
			path = utilsUITests;
			sourceTree = "<group>";
		};
		C1BF0323296C2A65008FE367 /* Data */ = {
			isa = PBXGroup;
			children = (
				C1BA231029E1C11B0006CAE3 /* DTO */,
				C16E18CA297DD32600BD519D /* Error */,
				C1688D28296DF0D80044C922 /* NetworkClient */,
				C1BF0324296C2A6C008FE367 /* CoreData */,
			);
			path = Data;
			sourceTree = "<group>";
		};
		C1BF0324296C2A6C008FE367 /* CoreData */ = {
			isa = PBXGroup;
			children = (
				C1BF02FD296C258B008FE367 /* Persistence.swift */,
				C1BF02FF296C258B008FE367 /* utils.xcdatamodeld */,
			);
			path = CoreData;
			sourceTree = "<group>";
		};
		C1BF0325296C2BE4008FE367 /* UI */ = {
			isa = PBXGroup;
			children = (
				C16E18162975F14500BD519D /* Components */,
				C13812C229925F950032D40B /* Modules */,
				C16E17FE2973F32600BD519D /* Style */,
			);
			path = UI;
			sourceTree = "<group>";
		};
		C1BF0326296C2BF0008FE367 /* Menu */ = {
			isa = PBXGroup;
			children = (
				C1BF02F6296C2589008FE367 /* MenuView.swift */,
				C1BF0327296C2C42008FE367 /* MenuViewModel.swift */,
				C1BF032D296C2D95008FE367 /* MenuListRowView.swift */,
			);
			path = Menu;
			sourceTree = "<group>";
		};
		C1BF0329296C2C69008FE367 /* Domain */ = {
			isa = PBXGroup;
			children = (
				C1BF032A296C2C71008FE367 /* Entity */,
			);
			path = Domain;
			sourceTree = "<group>";
		};
		C1BF032A296C2C71008FE367 /* Entity */ = {
			isa = PBXGroup;
			children = (
				C1BF032B296C2C80008FE367 /* Menu.swift */,
				C16E181829769D0E00BD519D /* Header.swift */,
			);
			path = Entity;
			sourceTree = "<group>";
		};
		C1BF032F296C5654008FE367 /* JsonParser */ = {
			isa = PBXGroup;
			children = (
				C1BF0330296C566E008FE367 /* JsonParserView.swift */,
				C1688D26296DF04D0044C922 /* JsonParserViewModel.swift */,
				C1E0B0CC2971D7DA001AF5C3 /* JsonParserManager.swift */,
			);
			path = JsonParser;
			sourceTree = "<group>";
		};
/* End PBXGroup section */

/* Begin PBXNativeTarget section */
		C1BF02F0296C2589008FE367 /* utils */ = {
			isa = PBXNativeTarget;
			buildConfigurationList = C1BF031A296C258B008FE367 /* Build configuration list for PBXNativeTarget "utils" */;
			buildPhases = (
				C1BF02ED296C2589008FE367 /* Sources */,
				C1BF02EE296C2589008FE367 /* Frameworks */,
				C1BF02EF296C2589008FE367 /* Resources */,
			);
			buildRules = (
			);
			dependencies = (
			);
			name = utils;
			packageProductDependencies = (
				C1BA231429E1C2280006CAE3 /* TripleA */,
			);
			productName = utils;
			productReference = C1BF02F1296C2589008FE367 /* utils.app */;
			productType = "com.apple.product-type.application";
		};
		C1BF0305296C258B008FE367 /* utilsTests */ = {
			isa = PBXNativeTarget;
			buildConfigurationList = C1BF031D296C258B008FE367 /* Build configuration list for PBXNativeTarget "utilsTests" */;
			buildPhases = (
				C1BF0302296C258B008FE367 /* Sources */,
				C1BF0303296C258B008FE367 /* Frameworks */,
				C1BF0304296C258B008FE367 /* Resources */,
			);
			buildRules = (
			);
			dependencies = (
				C1BF0308296C258B008FE367 /* PBXTargetDependency */,
			);
			name = utilsTests;
			productName = utilsTests;
			productReference = C1BF0306296C258B008FE367 /* utilsTests.xctest */;
			productType = "com.apple.product-type.bundle.unit-test";
		};
		C1BF030F296C258B008FE367 /* utilsUITests */ = {
			isa = PBXNativeTarget;
			buildConfigurationList = C1BF0320296C258B008FE367 /* Build configuration list for PBXNativeTarget "utilsUITests" */;
			buildPhases = (
				C1BF030C296C258B008FE367 /* Sources */,
				C1BF030D296C258B008FE367 /* Frameworks */,
				C1BF030E296C258B008FE367 /* Resources */,
			);
			buildRules = (
			);
			dependencies = (
				C1BF0312296C258B008FE367 /* PBXTargetDependency */,
			);
			name = utilsUITests;
			productName = utilsUITests;
			productReference = C1BF0310296C258B008FE367 /* utilsUITests.xctest */;
			productType = "com.apple.product-type.bundle.ui-testing";
		};
/* End PBXNativeTarget section */

/* Begin PBXProject section */
		C1BF02E9296C2589008FE367 /* Project object */ = {
			isa = PBXProject;
			attributes = {
				BuildIndependentTargetsInParallel = 1;
				LastSwiftUpdateCheck = 1420;
				LastUpgradeCheck = 1420;
				TargetAttributes = {
					C1BF02F0296C2589008FE367 = {
						CreatedOnToolsVersion = 14.2;
					};
					C1BF0305296C258B008FE367 = {
						CreatedOnToolsVersion = 14.2;
						TestTargetID = C1BF02F0296C2589008FE367;
					};
					C1BF030F296C258B008FE367 = {
						CreatedOnToolsVersion = 14.2;
						TestTargetID = C1BF02F0296C2589008FE367;
					};
				};
			};
			buildConfigurationList = C1BF02EC296C2589008FE367 /* Build configuration list for PBXProject "utils" */;
			compatibilityVersion = "Xcode 14.0";
			developmentRegion = en;
			hasScannedForEncodings = 0;
			knownRegions = (
				en,
				Base,
			);
			mainGroup = C1BF02E8296C2589008FE367;
			packageReferences = (
				C1BA231329E1C2280006CAE3 /* XCRemoteSwiftPackageReference "TripleA" */,
			);
			productRefGroup = C1BF02F2296C2589008FE367 /* Products */;
			projectDirPath = "";
			projectRoot = "";
			targets = (
				C1BF02F0296C2589008FE367 /* utils */,
				C1BF0305296C258B008FE367 /* utilsTests */,
				C1BF030F296C258B008FE367 /* utilsUITests */,
			);
		};
/* End PBXProject section */

/* Begin PBXResourcesBuildPhase section */
		C1BF02EF296C2589008FE367 /* Resources */ = {
			isa = PBXResourcesBuildPhase;
			buildActionMask = 2147483647;
			files = (
				C105F0982984631A009826B3 /* addFileToXcode.rb in Resources */,
				C105F09429846146009826B3 /* addFile.rb in Resources */,
				C1688D30296DFC8F0044C922 /* SourceCodePro.ttf in Resources */,
				C1BF02FC296C258B008FE367 /* Preview Assets.xcassets in Resources */,
				C1BF02F9296C258B008FE367 /* Assets.xcassets in Resources */,
				C16E18D6297E9D7C00BD519D /* launch_ruby.sh in Resources */,
			);
			runOnlyForDeploymentPostprocessing = 0;
		};
		C1BF0304296C258B008FE367 /* Resources */ = {
			isa = PBXResourcesBuildPhase;
			buildActionMask = 2147483647;
			files = (
			);
			runOnlyForDeploymentPostprocessing = 0;
		};
		C1BF030E296C258B008FE367 /* Resources */ = {
			isa = PBXResourcesBuildPhase;
			buildActionMask = 2147483647;
			files = (
			);
			runOnlyForDeploymentPostprocessing = 0;
		};
/* End PBXResourcesBuildPhase section */

/* Begin PBXSourcesBuildPhase section */
		C1BF02ED296C2589008FE367 /* Sources */ = {
			isa = PBXSourcesBuildPhase;
			buildActionMask = 2147483647;
			files = (
				C1BF032C296C2C80008FE367 /* Menu.swift in Sources */,
				C1688D27296DF04D0044C922 /* JsonParserViewModel.swift in Sources */,
				C16E18D1297E9B3600BD519D /* ExecuteView.swift in Sources */,
				C1A7C36929CDB2DC00DB43BB /* ChatGPTNetworkClient.swift in Sources */,
				C1BF0331296C566E008FE367 /* JsonParserView.swift in Sources */,
				C1A7C36529CCE8CE00DB43BB /* ChatView.swift in Sources */,
				C16E18D3297E9B4600BD519D /* ExecuteViewModel.swift in Sources */,
				C1746A092980450E00F0CFE4 /* DateFormatterView.swift in Sources */,
				C16E18CC297DD34200BD519D /* CommonErrors.swift in Sources */,
				C1BF02FE296C258B008FE367 /* Persistence.swift in Sources */,
				C1A7C36729CDA83E00DB43BB /* ChatViewModel.swift in Sources */,
				C1BF02F7296C2589008FE367 /* MenuView.swift in Sources */,
				C1688D2A296DF1000044C922 /* NetworkClientJSON.swift in Sources */,
				C1A7C36B29CE2C3F00DB43BB /* Keys.swift in Sources */,
				C16E18152975643000BD519D /* FloatingNoticeView.swift in Sources */,
				C16E18C9297AA53200BD519D /* JsonEditorViewModel.swift in Sources */,
				C1BF02F5296C2589008FE367 /* utilsApp.swift in Sources */,
				C105F09B29870417009826B3 /* CreateFilesManager.swift in Sources */,
				C16E181929769D0E00BD519D /* Header.swift in Sources */,
				C13812C6299272750032D40B /* TextEditor.swift in Sources */,
				C16E18002973F3B400BD519D /* GrowingButton.swift in Sources */,
				C1BF0328296C2C42008FE367 /* MenuViewModel.swift in Sources */,
				C105F08929832A27009826B3 /* FirebaseTesterView.swift in Sources */,
				C1746A0E29805C1000F0CFE4 /* RoundTextFieldModifier.swift in Sources */,
				C1746A0B2980451F00F0CFE4 /* DateFormatterViewModel.swift in Sources */,
				C1BF032E296C2D95008FE367 /* MenuListRowView.swift in Sources */,
				C16E18122975510500BD519D /* String.swift in Sources */,
				C16E18C7297AA4F700BD519D /* JsonEditorView.swift in Sources */,
				C1BA231229E1C13F0006CAE3 /* ChatGPTDTO.swift in Sources */,
				C1BF0301296C258B008FE367 /* utils.xcdatamodeld in Sources */,
				C1E0B0CD2971D7DA001AF5C3 /* JsonParserManager.swift in Sources */,
			);
			runOnlyForDeploymentPostprocessing = 0;
		};
		C1BF0302296C258B008FE367 /* Sources */ = {
			isa = PBXSourcesBuildPhase;
			buildActionMask = 2147483647;
			files = (
				C1BF030B296C258B008FE367 /* utilsTests.swift in Sources */,
			);
			runOnlyForDeploymentPostprocessing = 0;
		};
		C1BF030C296C258B008FE367 /* Sources */ = {
			isa = PBXSourcesBuildPhase;
			buildActionMask = 2147483647;
			files = (
				C1BF0317296C258B008FE367 /* utilsUITestsLaunchTests.swift in Sources */,
				C1BF0315296C258B008FE367 /* utilsUITests.swift in Sources */,
			);
			runOnlyForDeploymentPostprocessing = 0;
		};
/* End PBXSourcesBuildPhase section */

/* Begin PBXTargetDependency section */
		C1BF0308296C258B008FE367 /* PBXTargetDependency */ = {
			isa = PBXTargetDependency;
			target = C1BF02F0296C2589008FE367 /* utils */;
			targetProxy = C1BF0307296C258B008FE367 /* PBXContainerItemProxy */;
		};
		C1BF0312296C258B008FE367 /* PBXTargetDependency */ = {
			isa = PBXTargetDependency;
			target = C1BF02F0296C2589008FE367 /* utils */;
			targetProxy = C1BF0311296C258B008FE367 /* PBXContainerItemProxy */;
		};
/* End PBXTargetDependency section */

/* Begin XCBuildConfiguration section */
		C1BF0318296C258B008FE367 /* Debug */ = {
			isa = XCBuildConfiguration;
			buildSettings = {
				ALWAYS_SEARCH_USER_PATHS = NO;
				CLANG_ANALYZER_NONNULL = YES;
				CLANG_ANALYZER_NUMBER_OBJECT_CONVERSION = YES_AGGRESSIVE;
				CLANG_CXX_LANGUAGE_STANDARD = "gnu++20";
				CLANG_ENABLE_MODULES = YES;
				CLANG_ENABLE_OBJC_ARC = YES;
				CLANG_ENABLE_OBJC_WEAK = YES;
				CLANG_WARN_BLOCK_CAPTURE_AUTORELEASING = YES;
				CLANG_WARN_BOOL_CONVERSION = YES;
				CLANG_WARN_COMMA = YES;
				CLANG_WARN_CONSTANT_CONVERSION = YES;
				CLANG_WARN_DEPRECATED_OBJC_IMPLEMENTATIONS = YES;
				CLANG_WARN_DIRECT_OBJC_ISA_USAGE = YES_ERROR;
				CLANG_WARN_DOCUMENTATION_COMMENTS = YES;
				CLANG_WARN_EMPTY_BODY = YES;
				CLANG_WARN_ENUM_CONVERSION = YES;
				CLANG_WARN_INFINITE_RECURSION = YES;
				CLANG_WARN_INT_CONVERSION = YES;
				CLANG_WARN_NON_LITERAL_NULL_CONVERSION = YES;
				CLANG_WARN_OBJC_IMPLICIT_RETAIN_SELF = YES;
				CLANG_WARN_OBJC_LITERAL_CONVERSION = YES;
				CLANG_WARN_OBJC_ROOT_CLASS = YES_ERROR;
				CLANG_WARN_QUOTED_INCLUDE_IN_FRAMEWORK_HEADER = YES;
				CLANG_WARN_RANGE_LOOP_ANALYSIS = YES;
				CLANG_WARN_STRICT_PROTOTYPES = YES;
				CLANG_WARN_SUSPICIOUS_MOVE = YES;
				CLANG_WARN_UNGUARDED_AVAILABILITY = YES_AGGRESSIVE;
				CLANG_WARN_UNREACHABLE_CODE = YES;
				CLANG_WARN__DUPLICATE_METHOD_MATCH = YES;
				COPY_PHASE_STRIP = NO;
				DEBUG_INFORMATION_FORMAT = dwarf;
				ENABLE_STRICT_OBJC_MSGSEND = YES;
				ENABLE_TESTABILITY = YES;
				GCC_C_LANGUAGE_STANDARD = gnu11;
				GCC_DYNAMIC_NO_PIC = NO;
				GCC_NO_COMMON_BLOCKS = YES;
				GCC_OPTIMIZATION_LEVEL = 0;
				GCC_PREPROCESSOR_DEFINITIONS = (
					"DEBUG=1",
					"$(inherited)",
				);
				GCC_WARN_64_TO_32_BIT_CONVERSION = YES;
				GCC_WARN_ABOUT_RETURN_TYPE = YES_ERROR;
				GCC_WARN_UNDECLARED_SELECTOR = YES;
				GCC_WARN_UNINITIALIZED_AUTOS = YES_AGGRESSIVE;
				GCC_WARN_UNUSED_FUNCTION = YES;
				GCC_WARN_UNUSED_VARIABLE = YES;
				IPHONEOS_DEPLOYMENT_TARGET = 16.2;
				MTL_ENABLE_DEBUG_INFO = INCLUDE_SOURCE;
				MTL_FAST_MATH = YES;
				ONLY_ACTIVE_ARCH = YES;
				SDKROOT = iphoneos;
				SWIFT_ACTIVE_COMPILATION_CONDITIONS = DEBUG;
				SWIFT_OPTIMIZATION_LEVEL = "-Onone";
			};
			name = Debug;
		};
		C1BF0319296C258B008FE367 /* Release */ = {
			isa = XCBuildConfiguration;
			buildSettings = {
				ALWAYS_SEARCH_USER_PATHS = NO;
				CLANG_ANALYZER_NONNULL = YES;
				CLANG_ANALYZER_NUMBER_OBJECT_CONVERSION = YES_AGGRESSIVE;
				CLANG_CXX_LANGUAGE_STANDARD = "gnu++20";
				CLANG_ENABLE_MODULES = YES;
				CLANG_ENABLE_OBJC_ARC = YES;
				CLANG_ENABLE_OBJC_WEAK = YES;
				CLANG_WARN_BLOCK_CAPTURE_AUTORELEASING = YES;
				CLANG_WARN_BOOL_CONVERSION = YES;
				CLANG_WARN_COMMA = YES;
				CLANG_WARN_CONSTANT_CONVERSION = YES;
				CLANG_WARN_DEPRECATED_OBJC_IMPLEMENTATIONS = YES;
				CLANG_WARN_DIRECT_OBJC_ISA_USAGE = YES_ERROR;
				CLANG_WARN_DOCUMENTATION_COMMENTS = YES;
				CLANG_WARN_EMPTY_BODY = YES;
				CLANG_WARN_ENUM_CONVERSION = YES;
				CLANG_WARN_INFINITE_RECURSION = YES;
				CLANG_WARN_INT_CONVERSION = YES;
				CLANG_WARN_NON_LITERAL_NULL_CONVERSION = YES;
				CLANG_WARN_OBJC_IMPLICIT_RETAIN_SELF = YES;
				CLANG_WARN_OBJC_LITERAL_CONVERSION = YES;
				CLANG_WARN_OBJC_ROOT_CLASS = YES_ERROR;
				CLANG_WARN_QUOTED_INCLUDE_IN_FRAMEWORK_HEADER = YES;
				CLANG_WARN_RANGE_LOOP_ANALYSIS = YES;
				CLANG_WARN_STRICT_PROTOTYPES = YES;
				CLANG_WARN_SUSPICIOUS_MOVE = YES;
				CLANG_WARN_UNGUARDED_AVAILABILITY = YES_AGGRESSIVE;
				CLANG_WARN_UNREACHABLE_CODE = YES;
				CLANG_WARN__DUPLICATE_METHOD_MATCH = YES;
				COPY_PHASE_STRIP = NO;
				DEBUG_INFORMATION_FORMAT = "dwarf-with-dsym";
				ENABLE_NS_ASSERTIONS = NO;
				ENABLE_STRICT_OBJC_MSGSEND = YES;
				GCC_C_LANGUAGE_STANDARD = gnu11;
				GCC_NO_COMMON_BLOCKS = YES;
				GCC_WARN_64_TO_32_BIT_CONVERSION = YES;
				GCC_WARN_ABOUT_RETURN_TYPE = YES_ERROR;
				GCC_WARN_UNDECLARED_SELECTOR = YES;
				GCC_WARN_UNINITIALIZED_AUTOS = YES_AGGRESSIVE;
				GCC_WARN_UNUSED_FUNCTION = YES;
				GCC_WARN_UNUSED_VARIABLE = YES;
				IPHONEOS_DEPLOYMENT_TARGET = 16.2;
				MTL_ENABLE_DEBUG_INFO = NO;
				MTL_FAST_MATH = YES;
				SDKROOT = iphoneos;
				SWIFT_COMPILATION_MODE = wholemodule;
				SWIFT_OPTIMIZATION_LEVEL = "-O";
				VALIDATE_PRODUCT = YES;
			};
			name = Release;
		};
		C1BF031B296C258B008FE367 /* Debug */ = {
			isa = XCBuildConfiguration;
			buildSettings = {
				ASSETCATALOG_COMPILER_APPICON_NAME = AppIcon;
				ASSETCATALOG_COMPILER_GLOBAL_ACCENT_COLOR_NAME = AccentColor;
				CODE_SIGN_ENTITLEMENTS = utils/utils.entitlements;
				CODE_SIGN_STYLE = Automatic;
				CURRENT_PROJECT_VERSION = 1;
				DEVELOPMENT_ASSET_PATHS = "\"utils/Preview Content\"";
				DEVELOPMENT_TEAM = R88CDNMKLQ;
				ENABLE_PREVIEWS = YES;
				GENERATE_INFOPLIST_FILE = YES;
				INFOPLIST_KEY_UIApplicationSceneManifest_Generation = YES;
				INFOPLIST_KEY_UIApplicationSupportsIndirectInputEvents = YES;
				INFOPLIST_KEY_UILaunchScreen_Generation = YES;
				INFOPLIST_KEY_UISupportedInterfaceOrientations_iPad = "UIInterfaceOrientationPortrait UIInterfaceOrientationPortraitUpsideDown UIInterfaceOrientationLandscapeLeft UIInterfaceOrientationLandscapeRight";
				INFOPLIST_KEY_UISupportedInterfaceOrientations_iPhone = "UIInterfaceOrientationPortrait UIInterfaceOrientationLandscapeLeft UIInterfaceOrientationLandscapeRight";
				IPHONEOS_DEPLOYMENT_TARGET = 16.0;
				LD_RUNPATH_SEARCH_PATHS = (
					"$(inherited)",
					"@executable_path/Frameworks",
				);
				MACOSX_DEPLOYMENT_TARGET = 13.0;
				MARKETING_VERSION = 1.0;
				PRODUCT_BUNDLE_IDENTIFIER = es.fernandosalom.utils;
				PRODUCT_NAME = "$(TARGET_NAME)";
				SUPPORTED_PLATFORMS = "iphoneos iphonesimulator macosx";
				SUPPORTS_MACCATALYST = NO;
				SUPPORTS_MAC_DESIGNED_FOR_IPHONE_IPAD = NO;
				SWIFT_EMIT_LOC_STRINGS = YES;
				SWIFT_VERSION = 5.0;
				TARGETED_DEVICE_FAMILY = "1,2";
			};
			name = Debug;
		};
		C1BF031C296C258B008FE367 /* Release */ = {
			isa = XCBuildConfiguration;
			buildSettings = {
				ASSETCATALOG_COMPILER_APPICON_NAME = AppIcon;
				ASSETCATALOG_COMPILER_GLOBAL_ACCENT_COLOR_NAME = AccentColor;
				CODE_SIGN_ENTITLEMENTS = utils/utils.entitlements;
				CODE_SIGN_STYLE = Automatic;
				CURRENT_PROJECT_VERSION = 1;
				DEVELOPMENT_ASSET_PATHS = "\"utils/Preview Content\"";
				DEVELOPMENT_TEAM = R88CDNMKLQ;
				ENABLE_PREVIEWS = YES;
				GENERATE_INFOPLIST_FILE = YES;
				INFOPLIST_KEY_UIApplicationSceneManifest_Generation = YES;
				INFOPLIST_KEY_UIApplicationSupportsIndirectInputEvents = YES;
				INFOPLIST_KEY_UILaunchScreen_Generation = YES;
				INFOPLIST_KEY_UISupportedInterfaceOrientations_iPad = "UIInterfaceOrientationPortrait UIInterfaceOrientationPortraitUpsideDown UIInterfaceOrientationLandscapeLeft UIInterfaceOrientationLandscapeRight";
				INFOPLIST_KEY_UISupportedInterfaceOrientations_iPhone = "UIInterfaceOrientationPortrait UIInterfaceOrientationLandscapeLeft UIInterfaceOrientationLandscapeRight";
				IPHONEOS_DEPLOYMENT_TARGET = 16.0;
				LD_RUNPATH_SEARCH_PATHS = (
					"$(inherited)",
					"@executable_path/Frameworks",
				);
				MACOSX_DEPLOYMENT_TARGET = 13.0;
				MARKETING_VERSION = 1.0;
				PRODUCT_BUNDLE_IDENTIFIER = es.fernandosalom.utils;
				PRODUCT_NAME = "$(TARGET_NAME)";
				SUPPORTED_PLATFORMS = "iphoneos iphonesimulator macosx";
				SUPPORTS_MACCATALYST = NO;
				SUPPORTS_MAC_DESIGNED_FOR_IPHONE_IPAD = NO;
				SWIFT_EMIT_LOC_STRINGS = YES;
				SWIFT_VERSION = 5.0;
				TARGETED_DEVICE_FAMILY = "1,2";
			};
			name = Release;
		};
		C1BF031E296C258B008FE367 /* Debug */ = {
			isa = XCBuildConfiguration;
			buildSettings = {
				ALWAYS_EMBED_SWIFT_STANDARD_LIBRARIES = YES;
				BUNDLE_LOADER = "$(TEST_HOST)";
				CODE_SIGN_STYLE = Automatic;
				CURRENT_PROJECT_VERSION = 1;
				DEVELOPMENT_TEAM = R88CDNMKLQ;
				GENERATE_INFOPLIST_FILE = YES;
				IPHONEOS_DEPLOYMENT_TARGET = 16.2;
				MARKETING_VERSION = 1.0;
				PRODUCT_BUNDLE_IDENTIFIER = es.fernandosalom.utilsTests;
				PRODUCT_NAME = "$(TARGET_NAME)";
				SWIFT_EMIT_LOC_STRINGS = NO;
				SWIFT_VERSION = 5.0;
				TARGETED_DEVICE_FAMILY = "1,2";
				TEST_HOST = "$(BUILT_PRODUCTS_DIR)/utils.app/$(BUNDLE_EXECUTABLE_FOLDER_PATH)/utils";
			};
			name = Debug;
		};
		C1BF031F296C258B008FE367 /* Release */ = {
			isa = XCBuildConfiguration;
			buildSettings = {
				ALWAYS_EMBED_SWIFT_STANDARD_LIBRARIES = YES;
				BUNDLE_LOADER = "$(TEST_HOST)";
				CODE_SIGN_STYLE = Automatic;
				CURRENT_PROJECT_VERSION = 1;
				DEVELOPMENT_TEAM = R88CDNMKLQ;
				GENERATE_INFOPLIST_FILE = YES;
				IPHONEOS_DEPLOYMENT_TARGET = 16.2;
				MARKETING_VERSION = 1.0;
				PRODUCT_BUNDLE_IDENTIFIER = es.fernandosalom.utilsTests;
				PRODUCT_NAME = "$(TARGET_NAME)";
				SWIFT_EMIT_LOC_STRINGS = NO;
				SWIFT_VERSION = 5.0;
				TARGETED_DEVICE_FAMILY = "1,2";
				TEST_HOST = "$(BUILT_PRODUCTS_DIR)/utils.app/$(BUNDLE_EXECUTABLE_FOLDER_PATH)/utils";
			};
			name = Release;
		};
		C1BF0321296C258B008FE367 /* Debug */ = {
			isa = XCBuildConfiguration;
			buildSettings = {
				ALWAYS_EMBED_SWIFT_STANDARD_LIBRARIES = YES;
				CODE_SIGN_STYLE = Automatic;
				CURRENT_PROJECT_VERSION = 1;
				DEVELOPMENT_TEAM = R88CDNMKLQ;
				GENERATE_INFOPLIST_FILE = YES;
				MARKETING_VERSION = 1.0;
				PRODUCT_BUNDLE_IDENTIFIER = es.fernandosalom.utilsUITests;
				PRODUCT_NAME = "$(TARGET_NAME)";
				SWIFT_EMIT_LOC_STRINGS = NO;
				SWIFT_VERSION = 5.0;
				TARGETED_DEVICE_FAMILY = "1,2";
				TEST_TARGET_NAME = utils;
			};
			name = Debug;
		};
		C1BF0322296C258B008FE367 /* Release */ = {
			isa = XCBuildConfiguration;
			buildSettings = {
				ALWAYS_EMBED_SWIFT_STANDARD_LIBRARIES = YES;
				CODE_SIGN_STYLE = Automatic;
				CURRENT_PROJECT_VERSION = 1;
				DEVELOPMENT_TEAM = R88CDNMKLQ;
				GENERATE_INFOPLIST_FILE = YES;
				MARKETING_VERSION = 1.0;
				PRODUCT_BUNDLE_IDENTIFIER = es.fernandosalom.utilsUITests;
				PRODUCT_NAME = "$(TARGET_NAME)";
				SWIFT_EMIT_LOC_STRINGS = NO;
				SWIFT_VERSION = 5.0;
				TARGETED_DEVICE_FAMILY = "1,2";
				TEST_TARGET_NAME = utils;
			};
			name = Release;
		};
/* End XCBuildConfiguration section */

/* Begin XCConfigurationList section */
		C1BF02EC296C2589008FE367 /* Build configuration list for PBXProject "utils" */ = {
			isa = XCConfigurationList;
			buildConfigurations = (
				C1BF0318296C258B008FE367 /* Debug */,
				C1BF0319296C258B008FE367 /* Release */,
			);
			defaultConfigurationIsVisible = 0;
			defaultConfigurationName = Release;
		};
		C1BF031A296C258B008FE367 /* Build configuration list for PBXNativeTarget "utils" */ = {
			isa = XCConfigurationList;
			buildConfigurations = (
				C1BF031B296C258B008FE367 /* Debug */,
				C1BF031C296C258B008FE367 /* Release */,
			);
			defaultConfigurationIsVisible = 0;
			defaultConfigurationName = Release;
		};
		C1BF031D296C258B008FE367 /* Build configuration list for PBXNativeTarget "utilsTests" */ = {
			isa = XCConfigurationList;
			buildConfigurations = (
				C1BF031E296C258B008FE367 /* Debug */,
				C1BF031F296C258B008FE367 /* Release */,
			);
			defaultConfigurationIsVisible = 0;
			defaultConfigurationName = Release;
		};
		C1BF0320296C258B008FE367 /* Build configuration list for PBXNativeTarget "utilsUITests" */ = {
			isa = XCConfigurationList;
			buildConfigurations = (
				C1BF0321296C258B008FE367 /* Debug */,
				C1BF0322296C258B008FE367 /* Release */,
			);
			defaultConfigurationIsVisible = 0;
			defaultConfigurationName = Release;
		};
/* End XCConfigurationList section */

/* Begin XCRemoteSwiftPackageReference section */
		C1BA231329E1C2280006CAE3 /* XCRemoteSwiftPackageReference "TripleA" */ = {
			isa = XCRemoteSwiftPackageReference;
			repositoryURL = "https://github.com/fsalom/TripleA";
			requirement = {
				kind = upToNextMajorVersion;
				minimumVersion = 1.0.0;
			};
		};
/* End XCRemoteSwiftPackageReference section */

/* Begin XCSwiftPackageProductDependency section */
		C1BA231429E1C2280006CAE3 /* TripleA */ = {
			isa = XCSwiftPackageProductDependency;
			package = C1BA231329E1C2280006CAE3 /* XCRemoteSwiftPackageReference "TripleA" */;
			productName = TripleA;
		};
/* End XCSwiftPackageProductDependency section */

/* Begin XCVersionGroup section */
		C1BF02FF296C258B008FE367 /* utils.xcdatamodeld */ = {
			isa = XCVersionGroup;
			children = (
				C1BF0300296C258B008FE367 /* utils.xcdatamodel */,
			);
			currentVersion = C1BF0300296C258B008FE367 /* utils.xcdatamodel */;
			path = utils.xcdatamodeld;
			sourceTree = "<group>";
			versionGroupType = wrapper.xcdatamodel;
		};
/* End XCVersionGroup section */
	};
	rootObject = C1BF02E9296C2589008FE367 /* Project object */;
}
